# THIS IS AN AUTOGENERATED FILE. DO NOT EDIT THIS FILE DIRECTLY.
# yarn lockfile v1


"@types/asynciterator@^1.1.1":
  version "1.1.1"
  resolved "https://registry.yarnpkg.com/@types/asynciterator/-/asynciterator-1.1.1.tgz#21ae5e3729ab2e87d324a044b2cd6288226da7fc"
  dependencies:
    "@types/events" "*"
    "@types/node" "*"

"@types/events@*":
  version "1.2.0"
  resolved "https://registry.yarnpkg.com/@types/events/-/events-1.2.0.tgz#81a6731ce4df43619e5c8c945383b3e62a89ea86"

"@types/node@*":
  version "10.0.2"
  resolved "https://registry.yarnpkg.com/@types/node/-/node-10.0.2.tgz#180046ebbc37de8b64777765c2486ebecb59448e"

asynciterator@^1.1.1:
  version "1.1.1"
  resolved "https://registry.yarnpkg.com/asynciterator/-/asynciterator-1.1.1.tgz#8d1c06a0436410186ebc889e0b36060fa62b1821"
  dependencies:
    immediate "^3.2.3"

immediate@^3.2.3:
  version "3.2.3"
  resolved "https://registry.yarnpkg.com/immediate/-/immediate-3.2.3.tgz#d140fa8f614659bd6541233097ddaac25cdd991c"
